
Microsoft Visual Studio Solution File, Format Version 12.00
# Visual Studio Version 17
VisualStudioVersion = 17.0.31912.275
MinimumVisualStudioVersion = 10.0.40219.1
Project("{FAE04EC0-301F-11D3-BF4B-00C04F79EFBC}") = "Connect4", "Connect4\Connect4.csproj", "{BED4726C-556F-4731-8C8D-2CB2EF91DEAD}"
EndProject
Global
	GlobalSection(SolutionConfigurationPlatforms) = preSolution
		Debug|Any CPU = Debug|Any CPU
		Release|Any CPU = Release|Any CPU
	EndGlobalSection
	GlobalSection(ProjectConfigurationPlatforms) = postSolution
		{BED4726C-556F-4731-8C8D-2CB2EF91DEAD}.Debug|Any CPU.ActiveCfg = Debug|Any CPU
		{BED4726C-556F-4731-8C8D-2CB2EF91DEAD}.Debug|Any CPU.Build.0 = Debug|Any CPU
		{BED4726C-556F-4731-8C8D-2CB2EF91DEAD}.Release|Any CPU.ActiveCfg = Release|Any CPU
		{BED4726C-556F-4731-8C8D-2CB2EF91DEAD}.Release|Any CPU.Build.0 = Release|Any CPU
	EndGlobalSection
	GlobalSection(SolutionProperties) = preSolution
		HideSolutionNode = FALSE
	EndGlobalSection
	GlobalSection(ExtensibilityGlobals) = postSolution
		SolutionGuid = {B6FF4E5C-FFD8-4653-B986-9E2AD833B7C9}
	EndGlobalSection
EndGlobal
